
Microsoft Visual Studio Solution File, Format Version 12.00
# Visual Studio Version 17
VisualStudioVersion = 17.0.31903.59
MinimumVisualStudioVersion = 10.0.40219.1
Project("{2150E333-8FDC-42A3-9474-1A3956D46DE8}") = "src", "src", "{827E0CD3-B72D-47B6-A68D-7590B98EB39B}"
EndProject
Project("{FAE04EC0-301F-11D3-BF4B-00C04F79EFBC}") = "XcordHub.Shared", "src\XcordHub.Shared\XcordHub.Shared.csproj", "{8FE0C2F2-809B-45E1-B176-5148D1F2C1A9}"
EndProject
Project("{FAE04EC0-301F-11D3-BF4B-00C04F79EFBC}") = "XcordHub.Infrastructure", "src\XcordHub.Infrastructure\XcordHub.Infrastructure.csproj", "{98071C46-9BD4-47B5-9968-7453B156BC71}"
EndProject
Project("{FAE04EC0-301F-11D3-BF4B-00C04F79EFBC}") = "XcordHub.Features", "src\XcordHub.Features\XcordHub.Features.csproj", "{A559476F-D839-4B1C-99B6-35C3EA0244B6}"
EndProject
Project("{FAE04EC0-301F-11D3-BF4B-00C04F79EFBC}") = "XcordHub.Api", "src\XcordHub.Api\XcordHub.Api.csproj", "{00F8EFF3-E51A-47FB-AB25-65CD39D28A2E}"
EndProject
Project("{FAE04EC0-301F-11D3-BF4B-00C04F79EFBC}") = "XcordHub.Tests.Unit", "tests\XcordHub.Tests.Unit\XcordHub.Tests.Unit.csproj", "{BEC3F55F-3AF1-40DA-889D-88FF6702EC1D}"
EndProject
Project("{2150E333-8FDC-42A3-9474-1A3956D46DE8}") = "tests", "tests", "{0AB3BF05-4346-4AA6-1389-037BE0695223}"
EndProject
Project("{FAE04EC0-301F-11D3-BF4B-00C04F79EFBC}") = "XcordHub.Tests.Architecture", "tests\XcordHub.Tests.Architecture\XcordHub.Tests.Architecture.csproj", "{9B557166-E116-4EC1-83BC-6FC7ECFDB1A1}"
EndProject
Project("{FAE04EC0-301F-11D3-BF4B-00C04F79EFBC}") = "XcordHub.Tests.Security", "tests\XcordHub.Tests.Security\XcordHub.Tests.Security.csproj", "{A40C9AEE-B820-47EF-82FC-436C62FAA403}"
EndProject
Project("{FAE04EC0-301F-11D3-BF4B-00C04F79EFBC}") = "XcordHub.Tests.Infrastructure", "tests\XcordHub.Tests.Infrastructure\XcordHub.Tests.Infrastructure.csproj", "{5690E385-E41E-403B-903E-46E082D5BAAF}"
EndProject
Global
	GlobalSection(SolutionConfigurationPlatforms) = preSolution
		Debug|Any CPU = Debug|Any CPU
		Debug|x64 = Debug|x64
		Debug|x86 = Debug|x86
		Release|Any CPU = Release|Any CPU
		Release|x64 = Release|x64
		Release|x86 = Release|x86
	EndGlobalSection
	GlobalSection(ProjectConfigurationPlatforms) = postSolution
		{8FE0C2F2-809B-45E1-B176-5148D1F2C1A9}.Debug|Any CPU.ActiveCfg = Debug|Any CPU
		{8FE0C2F2-809B-45E1-B176-5148D1F2C1A9}.Debug|Any CPU.Build.0 = Debug|Any CPU
		{8FE0C2F2-809B-45E1-B176-5148D1F2C1A9}.Debug|x64.ActiveCfg = Debug|Any CPU
		{8FE0C2F2-809B-45E1-B176-5148D1F2C1A9}.Debug|x64.Build.0 = Debug|Any CPU
		{8FE0C2F2-809B-45E1-B176-5148D1F2C1A9}.Debug|x86.ActiveCfg = Debug|Any CPU
		{8FE0C2F2-809B-45E1-B176-5148D1F2C1A9}.Debug|x86.Build.0 = Debug|Any CPU
		{8FE0C2F2-809B-45E1-B176-5148D1F2C1A9}.Release|Any CPU.ActiveCfg = Release|Any CPU
		{8FE0C2F2-809B-45E1-B176-5148D1F2C1A9}.Release|Any CPU.Build.0 = Release|Any CPU
		{8FE0C2F2-809B-45E1-B176-5148D1F2C1A9}.Release|x64.ActiveCfg = Release|Any CPU
		{8FE0C2F2-809B-45E1-B176-5148D1F2C1A9}.Release|x64.Build.0 = Release|Any CPU
		{8FE0C2F2-809B-45E1-B176-5148D1F2C1A9}.Release|x86.ActiveCfg = Release|Any CPU
		{8FE0C2F2-809B-45E1-B176-5148D1F2C1A9}.Release|x86.Build.0 = Release|Any CPU
		{98071C46-9BD4-47B5-9968-7453B156BC71}.Debug|Any CPU.ActiveCfg = Debug|Any CPU
		{98071C46-9BD4-47B5-9968-7453B156BC71}.Debug|Any CPU.Build.0 = Debug|Any CPU
		{98071C46-9BD4-47B5-9968-7453B156BC71}.Debug|x64.ActiveCfg = Debug|Any CPU
		{98071C46-9BD4-47B5-9968-7453B156BC71}.Debug|x64.Build.0 = Debug|Any CPU
		{98071C46-9BD4-47B5-9968-7453B156BC71}.Debug|x86.ActiveCfg = Debug|Any CPU
		{98071C46-9BD4-47B5-9968-7453B156BC71}.Debug|x86.Build.0 = Debug|Any CPU
		{98071C46-9BD4-47B5-9968-7453B156BC71}.Release|Any CPU.ActiveCfg = Release|Any CPU
		{98071C46-9BD4-47B5-9968-7453B156BC71}.Release|Any CPU.Build.0 = Release|Any CPU
		{98071C46-9BD4-47B5-9968-7453B156BC71}.Release|x64.ActiveCfg = Release|Any CPU
		{98071C46-9BD4-47B5-9968-7453B156BC71}.Release|x64.Build.0 = Release|Any CPU
		{98071C46-9BD4-47B5-9968-7453B156BC71}.Release|x86.ActiveCfg = Release|Any CPU
		{98071C46-9BD4-47B5-9968-7453B156BC71}.Release|x86.Build.0 = Release|Any CPU
		{A559476F-D839-4B1C-99B6-35C3EA0244B6}.Debug|Any CPU.ActiveCfg = Debug|Any CPU
		{A559476F-D839-4B1C-99B6-35C3EA0244B6}.Debug|Any CPU.Build.0 = Debug|Any CPU
		{A559476F-D839-4B1C-99B6-35C3EA0244B6}.Debug|x64.ActiveCfg = Debug|Any CPU
		{A559476F-D839-4B1C-99B6-35C3EA0244B6}.Debug|x64.Build.0 = Debug|Any CPU
		{A559476F-D839-4B1C-99B6-35C3EA0244B6}.Debug|x86.ActiveCfg = Debug|Any CPU
		{A559476F-D839-4B1C-99B6-35C3EA0244B6}.Debug|x86.Build.0 = Debug|Any CPU
		{A559476F-D839-4B1C-99B6-35C3EA0244B6}.Release|Any CPU.ActiveCfg = Release|Any CPU
		{A559476F-D839-4B1C-99B6-35C3EA0244B6}.Release|Any CPU.Build.0 = Release|Any CPU
		{A559476F-D839-4B1C-99B6-35C3EA0244B6}.Release|x64.ActiveCfg = Release|Any CPU
		{A559476F-D839-4B1C-99B6-35C3EA0244B6}.Release|x64.Build.0 = Release|Any CPU
		{A559476F-D839-4B1C-99B6-35C3EA0244B6}.Release|x86.ActiveCfg = Release|Any CPU
		{A559476F-D839-4B1C-99B6-35C3EA0244B6}.Release|x86.Build.0 = Release|Any CPU
		{00F8EFF3-E51A-47FB-AB25-65CD39D28A2E}.Debug|Any CPU.ActiveCfg = Debug|Any CPU
		{00F8EFF3-E51A-47FB-AB25-65CD39D28A2E}.Debug|Any CPU.Build.0 = Debug|Any CPU
		{00F8EFF3-E51A-47FB-AB25-65CD39D28A2E}.Debug|x64.ActiveCfg = Debug|Any CPU
		{00F8EFF3-E51A-47FB-AB25-65CD39D28A2E}.Debug|x64.Build.0 = Debug|Any CPU
		{00F8EFF3-E51A-47FB-AB25-65CD39D28A2E}.Debug|x86.ActiveCfg = Debug|Any CPU
		{00F8EFF3-E51A-47FB-AB25-65CD39D28A2E}.Debug|x86.Build.0 = Debug|Any CPU
		{00F8EFF3-E51A-47FB-AB25-65CD39D28A2E}.Release|Any CPU.ActiveCfg = Release|Any CPU
		{00F8EFF3-E51A-47FB-AB25-65CD39D28A2E}.Release|Any CPU.Build.0 = Release|Any CPU
		{00F8EFF3-E51A-47FB-AB25-65CD39D28A2E}.Release|x64.ActiveCfg = Release|Any CPU
		{00F8EFF3-E51A-47FB-AB25-65CD39D28A2E}.Release|x64.Build.0 = Release|Any CPU
		{00F8EFF3-E51A-47FB-AB25-65CD39D28A2E}.Release|x86.ActiveCfg = Release|Any CPU
		{00F8EFF3-E51A-47FB-AB25-65CD39D28A2E}.Release|x86.Build.0 = Release|Any CPU
		{BEC3F55F-3AF1-40DA-889D-88FF6702EC1D}.Debug|Any CPU.ActiveCfg = Debug|Any CPU
		{BEC3F55F-3AF1-40DA-889D-88FF6702EC1D}.Debug|Any CPU.Build.0 = Debug|Any CPU
		{BEC3F55F-3AF1-40DA-889D-88FF6702EC1D}.Debug|x64.ActiveCfg = Debug|Any CPU
		{BEC3F55F-3AF1-40DA-889D-88FF6702EC1D}.Debug|x64.Build.0 = Debug|Any CPU
		{BEC3F55F-3AF1-40DA-889D-88FF6702EC1D}.Debug|x86.ActiveCfg = Debug|Any CPU
		{BEC3F55F-3AF1-40DA-889D-88FF6702EC1D}.Debug|x86.Build.0 = Debug|Any CPU
		{BEC3F55F-3AF1-40DA-889D-88FF6702EC1D}.Release|Any CPU.ActiveCfg = Release|Any CPU
		{BEC3F55F-3AF1-40DA-889D-88FF6702EC1D}.Release|Any CPU.Build.0 = Release|Any CPU
		{BEC3F55F-3AF1-40DA-889D-88FF6702EC1D}.Release|x64.ActiveCfg = Release|Any CPU
		{BEC3F55F-3AF1-40DA-889D-88FF6702EC1D}.Release|x64.Build.0 = Release|Any CPU
		{BEC3F55F-3AF1-40DA-889D-88FF6702EC1D}.Release|x86.ActiveCfg = Release|Any CPU
		{BEC3F55F-3AF1-40DA-889D-88FF6702EC1D}.Release|x86.Build.0 = Release|Any CPU
		{9B557166-E116-4EC1-83BC-6FC7ECFDB1A1}.Debug|Any CPU.ActiveCfg = Debug|Any CPU
		{9B557166-E116-4EC1-83BC-6FC7ECFDB1A1}.Debug|Any CPU.Build.0 = Debug|Any CPU
		{9B557166-E116-4EC1-83BC-6FC7ECFDB1A1}.Debug|x64.ActiveCfg = Debug|Any CPU
		{9B557166-E116-4EC1-83BC-6FC7ECFDB1A1}.Debug|x64.Build.0 = Debug|Any CPU
		{9B557166-E116-4EC1-83BC-6FC7ECFDB1A1}.Debug|x86.ActiveCfg = Debug|Any CPU
		{9B557166-E116-4EC1-83BC-6FC7ECFDB1A1}.Debug|x86.Build.0 = Debug|Any CPU
		{9B557166-E116-4EC1-83BC-6FC7ECFDB1A1}.Release|Any CPU.ActiveCfg = Release|Any CPU
		{9B557166-E116-4EC1-83BC-6FC7ECFDB1A1}.Release|Any CPU.Build.0 = Release|Any CPU
		{9B557166-E116-4EC1-83BC-6FC7ECFDB1A1}.Release|x64.ActiveCfg = Release|Any CPU
		{9B557166-E116-4EC1-83BC-6FC7ECFDB1A1}.Release|x64.Build.0 = Release|Any CPU
		{9B557166-E116-4EC1-83BC-6FC7ECFDB1A1}.Release|x86.ActiveCfg = Release|Any CPU
		{9B557166-E116-4EC1-83BC-6FC7ECFDB1A1}.Release|x86.Build.0 = Release|Any CPU
		{A40C9AEE-B820-47EF-82FC-436C62FAA403}.Debug|Any CPU.ActiveCfg = Debug|Any CPU
		{A40C9AEE-B820-47EF-82FC-436C62FAA403}.Debug|Any CPU.Build.0 = Debug|Any CPU
		{A40C9AEE-B820-47EF-82FC-436C62FAA403}.Debug|x64.ActiveCfg = Debug|Any CPU
		{A40C9AEE-B820-47EF-82FC-436C62FAA403}.Debug|x64.Build.0 = Debug|Any CPU
		{A40C9AEE-B820-47EF-82FC-436C62FAA403}.Debug|x86.ActiveCfg = Debug|Any CPU
		{A40C9AEE-B820-47EF-82FC-436C62FAA403}.Debug|x86.Build.0 = Debug|Any CPU
		{A40C9AEE-B820-47EF-82FC-436C62FAA403}.Release|Any CPU.ActiveCfg = Release|Any CPU
		{A40C9AEE-B820-47EF-82FC-436C62FAA403}.Release|Any CPU.Build.0 = Release|Any CPU
		{A40C9AEE-B820-47EF-82FC-436C62FAA403}.Release|x64.ActiveCfg = Release|Any CPU
		{A40C9AEE-B820-47EF-82FC-436C62FAA403}.Release|x64.Build.0 = Release|Any CPU
		{A40C9AEE-B820-47EF-82FC-436C62FAA403}.Release|x86.ActiveCfg = Release|Any CPU
		{A40C9AEE-B820-47EF-82FC-436C62FAA403}.Release|x86.Build.0 = Release|Any CPU
		{5690E385-E41E-403B-903E-46E082D5BAAF}.Debug|Any CPU.ActiveCfg = Debug|Any CPU
		{5690E385-E41E-403B-903E-46E082D5BAAF}.Debug|Any CPU.Build.0 = Debug|Any CPU
		{5690E385-E41E-403B-903E-46E082D5BAAF}.Debug|x64.ActiveCfg = Debug|Any CPU
		{5690E385-E41E-403B-903E-46E082D5BAAF}.Debug|x64.Build.0 = Debug|Any CPU
		{5690E385-E41E-403B-903E-46E082D5BAAF}.Debug|x86.ActiveCfg = Debug|Any CPU
		{5690E385-E41E-403B-903E-46E082D5BAAF}.Debug|x86.Build.0 = Debug|Any CPU
		{5690E385-E41E-403B-903E-46E082D5BAAF}.Release|Any CPU.ActiveCfg = Release|Any CPU
		{5690E385-E41E-403B-903E-46E082D5BAAF}.Release|Any CPU.Build.0 = Release|Any CPU
		{5690E385-E41E-403B-903E-46E082D5BAAF}.Release|x64.ActiveCfg = Release|Any CPU
		{5690E385-E41E-403B-903E-46E082D5BAAF}.Release|x64.Build.0 = Release|Any CPU
		{5690E385-E41E-403B-903E-46E082D5BAAF}.Release|x86.ActiveCfg = Release|Any CPU
		{5690E385-E41E-403B-903E-46E082D5BAAF}.Release|x86.Build.0 = Release|Any CPU
	EndGlobalSection
	GlobalSection(SolutionProperties) = preSolution
		HideSolutionNode = FALSE
	EndGlobalSection
	GlobalSection(NestedProjects) = preSolution
		{8FE0C2F2-809B-45E1-B176-5148D1F2C1A9} = {827E0CD3-B72D-47B6-A68D-7590B98EB39B}
		{98071C46-9BD4-47B5-9968-7453B156BC71} = {827E0CD3-B72D-47B6-A68D-7590B98EB39B}
		{A559476F-D839-4B1C-99B6-35C3EA0244B6} = {827E0CD3-B72D-47B6-A68D-7590B98EB39B}
		{00F8EFF3-E51A-47FB-AB25-65CD39D28A2E} = {827E0CD3-B72D-47B6-A68D-7590B98EB39B}
		{BEC3F55F-3AF1-40DA-889D-88FF6702EC1D} = {827E0CD3-B72D-47B6-A68D-7590B98EB39B}
		{9B557166-E116-4EC1-83BC-6FC7ECFDB1A1} = {0AB3BF05-4346-4AA6-1389-037BE0695223}
		{A40C9AEE-B820-47EF-82FC-436C62FAA403} = {0AB3BF05-4346-4AA6-1389-037BE0695223}
		{5690E385-E41E-403B-903E-46E082D5BAAF} = {0AB3BF05-4346-4AA6-1389-037BE0695223}
	EndGlobalSection
EndGlobal
